
Microsoft Visual Studio Solution File, Format Version 12.00
# Visual Studio 15
VisualStudioVersion = 15.0.28307.421
MinimumVisualStudioVersion = 10.0.40219.1
Project("{FAE04EC0-301F-11D3-BF4B-00C04F79EFBC}") = "Hw5", "Hw5\Hw5.csproj", "{31FB7A65-717A-4AF3-899E-A9C8774681D1}"
EndProject
Global
	GlobalSection(SolutionConfigurationPlatforms) = preSolution
		Debug|Any CPU = Debug|Any CPU
		Release|Any CPU = Release|Any CPU
	EndGlobalSection
	GlobalSection(ProjectConfigurationPlatforms) = postSolution
		{31FB7A65-717A-4AF3-899E-A9C8774681D1}.Debug|Any CPU.ActiveCfg = Debug|Any CPU
		{31FB7A65-717A-4AF3-899E-A9C8774681D1}.Debug|Any CPU.Build.0 = Debug|Any CPU
		{31FB7A65-717A-4AF3-899E-A9C8774681D1}.Release|Any CPU.ActiveCfg = Release|Any CPU
		{31FB7A65-717A-4AF3-899E-A9C8774681D1}.Release|Any CPU.Build.0 = Release|Any CPU
	EndGlobalSection
	GlobalSection(SolutionProperties) = preSolution
		HideSolutionNode = FALSE
	EndGlobalSection
	GlobalSection(ExtensibilityGlobals) = postSolution
		SolutionGuid = {440311A0-1FE6-44DA-B7F6-BDF1766F387E}
	EndGlobalSection
EndGlobal
